// !$*UTF8*$!
{
	archiveVersion = 1;
	classes = {
	};
	objectVersion = 51;
	objects = {

/* Begin PBXBuildFile section */
		2EBD407A0189A853622AE53C /* Pods_simpsonsApi.framework in Frameworks */ = {isa = PBXBuildFile; fileRef = FA9D30618DCD5502E9EF37B2 /* Pods_simpsonsApi.framework */; };
		F6EED5C9230E915900CCCA07 /* AppDelegate.swift in Sources */ = {isa = PBXBuildFile; fileRef = F6EED5C8230E915900CCCA07 /* AppDelegate.swift */; };
		F6EED5CB230E915900CCCA07 /* ViewController.swift in Sources */ = {isa = PBXBuildFile; fileRef = F6EED5CA230E915900CCCA07 /* ViewController.swift */; };
		F6EED5CE230E915900CCCA07 /* Main.storyboard in Resources */ = {isa = PBXBuildFile; fileRef = F6EED5CC230E915900CCCA07 /* Main.storyboard */; };
		F6EED5D0230E915C00CCCA07 /* Assets.xcassets in Resources */ = {isa = PBXBuildFile; fileRef = F6EED5CF230E915C00CCCA07 /* Assets.xcassets */; };
		F6EED5D3230E915C00CCCA07 /* LaunchScreen.storyboard in Resources */ = {isa = PBXBuildFile; fileRef = F6EED5D1230E915C00CCCA07 /* LaunchScreen.storyboard */; };
		F6EED5DB230EAFB100CCCA07 /* CharacterViewController.swift in Sources */ = {isa = PBXBuildFile; fileRef = F6EED5DA230EAFB100CCCA07 /* CharacterViewController.swift */; };
		F6EED5DD230EAFCB00CCCA07 /* Character .swift in Sources */ = {isa = PBXBuildFile; fileRef = F6EED5DC230EAFCB00CCCA07 /* Character .swift */; };
/* End PBXBuildFile section */

/* Begin PBXFileReference section */
		0BBA36415497FC41CFEE90BE /* Pods-simpsonsApi.release.xcconfig */ = {isa = PBXFileReference; includeInIndex = 1; lastKnownFileType = text.xcconfig; name = "Pods-simpsonsApi.release.xcconfig"; path = "Target Support Files/Pods-simpsonsApi/Pods-simpsonsApi.release.xcconfig"; sourceTree = "<group>"; };
		E11CCEE1763E03BA404AB9B1 /* Pods-simpsonsApi.debug.xcconfig */ = {isa = PBXFileReference; includeInIndex = 1; lastKnownFileType = text.xcconfig; name = "Pods-simpsonsApi.debug.xcconfig"; path = "Target Support Files/Pods-simpsonsApi/Pods-simpsonsApi.debug.xcconfig"; sourceTree = "<group>"; };
		F6EED5C5230E915900CCCA07 /* simpsonsApi.app */ = {isa = PBXFileReference; explicitFileType = wrapper.application; includeInIndex = 0; path = simpsonsApi.app; sourceTree = BUILT_PRODUCTS_DIR; };
		F6EED5C8230E915900CCCA07 /* AppDelegate.swift */ = {isa = PBXFileReference; lastKnownFileType = sourcecode.swift; path = AppDelegate.swift; sourceTree = "<group>"; };
		F6EED5CA230E915900CCCA07 /* ViewController.swift */ = {isa = PBXFileReference; lastKnownFileType = sourcecode.swift; path = ViewController.swift; sourceTree = "<group>"; };
		F6EED5CD230E915900CCCA07 /* Base */ = {isa = PBXFileReference; lastKnownFileType = file.storyboard; name = Base; path = Base.lproj/Main.storyboard; sourceTree = "<group>"; };
		F6EED5CF230E915C00CCCA07 /* Assets.xcassets */ = {isa = PBXFileReference; lastKnownFileType = folder.assetcatalog; path = Assets.xcassets; sourceTree = "<group>"; };
		F6EED5D2230E915C00CCCA07 /* Base */ = {isa = PBXFileReference; lastKnownFileType = file.storyboard; name = Base; path = Base.lproj/LaunchScreen.storyboard; sourceTree = "<group>"; };
		F6EED5D4230E915C00CCCA07 /* Info.plist */ = {isa = PBXFileReference; lastKnownFileType = text.plist.xml; path = Info.plist; sourceTree = "<group>"; };
		F6EED5DA230EAFB100CCCA07 /* CharacterViewController.swift */ = {isa = PBXFileReference; lastKnownFileType = sourcecode.swift; path = CharacterViewController.swift; sourceTree = "<group>"; };
		F6EED5DC230EAFCB00CCCA07 /* Character .swift */ = {isa = PBXFileReference; lastKnownFileType = sourcecode.swift; path = "Character .swift"; sourceTree = "<group>"; };
		FA9D30618DCD5502E9EF37B2 /* Pods_simpsonsApi.framework */ = {isa = PBXFileReference; explicitFileType = wrapper.framework; includeInIndex = 0; path = Pods_simpsonsApi.framework; sourceTree = BUILT_PRODUCTS_DIR; };
/* End PBXFileReference section */

/* Begin PBXFrameworksBuildPhase section */
		F6EED5C2230E915900CCCA07 /* Frameworks */ = {
			isa = PBXFrameworksBuildPhase;
			buildActionMask = 2147483647;
			files = (
				2EBD407A0189A853622AE53C /* Pods_simpsonsApi.framework in Frameworks */,
			);
			runOnlyForDeploymentPostprocessing = 0;
		};
/* End PBXFrameworksBuildPhase section */

/* Begin PBXGroup section */
		13171EC7DD61DF6F057B9BBE /* Pods */ = {
			isa = PBXGroup;
			children = (
				E11CCEE1763E03BA404AB9B1 /* Pods-simpsonsApi.debug.xcconfig */,
				0BBA36415497FC41CFEE90BE /* Pods-simpsonsApi.release.xcconfig */,
			);
			path = Pods;
			sourceTree = "<group>";
		};
		E2DC1F37F48010FD3B595485 /* Frameworks */ = {
			isa = PBXGroup;
			children = (
				FA9D30618DCD5502E9EF37B2 /* Pods_simpsonsApi.framework */,
			);
			name = Frameworks;
			sourceTree = "<group>";
		};
		F6EED5BC230E915900CCCA07 = {
			isa = PBXGroup;
			children = (
				F6EED5C7230E915900CCCA07 /* simpsonsApi */,
				F6EED5C6230E915900CCCA07 /* Products */,
				13171EC7DD61DF6F057B9BBE /* Pods */,
				E2DC1F37F48010FD3B595485 /* Frameworks */,
			);
			sourceTree = "<group>";
		};
		F6EED5C6230E915900CCCA07 /* Products */ = {
			isa = PBXGroup;
			children = (
				F6EED5C5230E915900CCCA07 /* simpsonsApi.app */,
			);
			name = Products;
			sourceTree = "<group>";
		};
		F6EED5C7230E915900CCCA07 /* simpsonsApi */ = {
			isa = PBXGroup;
			children = (
				F6EED5C8230E915900CCCA07 /* AppDelegate.swift */,
				F6EED5CA230E915900CCCA07 /* ViewController.swift */,
				F6EED5CC230E915900CCCA07 /* Main.storyboard */,
				F6EED5CF230E915C00CCCA07 /* Assets.xcassets */,
				F6EED5D1230E915C00CCCA07 /* LaunchScreen.storyboard */,
				F6EED5D4230E915C00CCCA07 /* Info.plist */,
				F6EED5DA230EAFB100CCCA07 /* CharacterViewController.swift */,
				F6EED5DC230EAFCB00CCCA07 /* Character .swift */,
			);
			path = simpsonsApi;
			sourceTree = "<group>";
		};
/* End PBXGroup section */

/* Begin PBXNativeTarget section */
		F6EED5C4230E915900CCCA07 /* simpsonsApi */ = {
			isa = PBXNativeTarget;
			buildConfigurationList = F6EED5D7230E915C00CCCA07 /* Build configuration list for PBXNativeTarget "simpsonsApi" */;
			buildPhases = (
				E6861A60C523AD2E3200AAD8 /* [CP] Check Pods Manifest.lock */,
				F6EED5C1230E915900CCCA07 /* Sources */,
				F6EED5C2230E915900CCCA07 /* Frameworks */,
				F6EED5C3230E915900CCCA07 /* Resources */,
				B8965F07910114D7388D198A /* [CP] Embed Pods Frameworks */,
			);
			buildRules = (
			);
			dependencies = (
			);
			name = simpsonsApi;
			productName = simpsonsApi;
			productReference = F6EED5C5230E915900CCCA07 /* simpsonsApi.app */;
			productType = "com.apple.product-type.application";
		};
/* End PBXNativeTarget section */

/* Begin PBXProject section */
		F6EED5BD230E915900CCCA07 /* Project object */ = {
			isa = PBXProject;
			attributes = {
				LastSwiftUpdateCheck = 1030;
				LastUpgradeCheck = 1030;
				ORGANIZATIONNAME = "Роман Важник";
				TargetAttributes = {
					F6EED5C4230E915900CCCA07 = {
						CreatedOnToolsVersion = 10.3;
					};
				};
			};
			buildConfigurationList = F6EED5C0230E915900CCCA07 /* Build configuration list for PBXProject "simpsonsApi" */;
			compatibilityVersion = "Xcode 9.3";
			developmentRegion = en;
			hasScannedForEncodings = 0;
			knownRegions = (
				en,
				Base,
			);
			mainGroup = F6EED5BC230E915900CCCA07;
			productRefGroup = F6EED5C6230E915900CCCA07 /* Products */;
			projectDirPath = "";
			projectRoot = "";
			targets = (
				F6EED5C4230E915900CCCA07 /* simpsonsApi */,
			);
		};
/* End PBXProject section */

/* Begin PBXResourcesBuildPhase section */
		F6EED5C3230E915900CCCA07 /* Resources */ = {
			isa = PBXResourcesBuildPhase;
			buildActionMask = 2147483647;
			files = (
				F6EED5D3230E915C00CCCA07 /* LaunchScreen.storyboard in Resources */,
				F6EED5D0230E915C00CCCA07 /* Assets.xcassets in Resources */,
				F6EED5CE230E915900CCCA07 /* Main.storyboard in Resources */,
			);
			runOnlyForDeploymentPostprocessing = 0;
		};
/* End PBXResourcesBuildPhase section */

/* Begin PBXShellScriptBuildPhase section */
		B8965F07910114D7388D198A /* [CP] Embed Pods Frameworks */ = {
			isa = PBXShellScriptBuildPhase;
			buildActionMask = 2147483647;
			files = (
			);
			inputFileListPaths = (
				"${PODS_ROOT}/Target Support Files/Pods-simpsonsApi/Pods-simpsonsApi-frameworks-${CONFIGURATION}-input-files.xcfilelist",
			);
			name = "[CP] Embed Pods Frameworks";
			outputFileListPaths = (
				"${PODS_ROOT}/Target Support Files/Pods-simpsonsApi/Pods-simpsonsApi-frameworks-${CONFIGURATION}-output-files.xcfilelist",
			);
			runOnlyForDeploymentPostprocessing = 0;
			shellPath = /bin/sh;
			shellScript = "\"${PODS_ROOT}/Target Support Files/Pods-simpsonsApi/Pods-simpsonsApi-frameworks.sh\"\n";
			showEnvVarsInLog = 0;
		};
		E6861A60C523AD2E3200AAD8 /* [CP] Check Pods Manifest.lock */ = {
			isa = PBXShellScriptBuildPhase;
			buildActionMask = 2147483647;
			files = (
			);
			inputFileListPaths = (
			);
			inputPaths = (
				"${PODS_PODFILE_DIR_PATH}/Podfile.lock",
				"${PODS_ROOT}/Manifest.lock",
			);
			name = "[CP] Check Pods Manifest.lock";
			outputFileListPaths = (
			);
			outputPaths = (
				"$(DERIVED_FILE_DIR)/Pods-simpsonsApi-checkManifestLockResult.txt",
			);
			runOnlyForDeploymentPostprocessing = 0;
			shellPath = /bin/sh;
			shellScript = "diff \"${PODS_PODFILE_DIR_PATH}/Podfile.lock\" \"${PODS_ROOT}/Manifest.lock\" > /dev/null\nif [ $? != 0 ] ; then\n    # print error to STDERR\n    echo \"error: The sandbox is not in sync with the Podfile.lock. Run 'pod install' or update your CocoaPods installation.\" >&2\n    exit 1\nfi\n# This output is used by Xcode 'outputs' to avoid re-running this script phase.\necho \"SUCCESS\" > \"${SCRIPT_OUTPUT_FILE_0}\"\n";
			showEnvVarsInLog = 0;
		};
/* End PBXShellScriptBuildPhase section */

/* Begin PBXSourcesBuildPhase section */
		F6EED5C1230E915900CCCA07 /* Sources */ = {
			isa = PBXSourcesBuildPhase;
			buildActionMask = 2147483647;
			files = (
				F6EED5DD230EAFCB00CCCA07 /* Character .swift in Sources */,
				F6EED5DB230EAFB100CCCA07 /* CharacterViewController.swift in Sources */,
				F6EED5CB230E915900CCCA07 /* ViewController.swift in Sources */,
				F6EED5C9230E915900CCCA07 /* AppDelegate.swift in Sources */,
			);
			runOnlyForDeploymentPostprocessing = 0;
		};
/* End PBXSourcesBuildPhase section */

/* Begin PBXVariantGroup section */
		F6EED5CC230E915900CCCA07 /* Main.storyboard */ = {
			isa = PBXVariantGroup;
			children = (
				F6EED5CD230E915900CCCA07 /* Base */,
			);
			name = Main.storyboard;
			sourceTree = "<group>";
		};
		F6EED5D1230E915C00CCCA07 /* LaunchScreen.storyboard */ = {
			isa = PBXVariantGroup;
			children = (
				F6EED5D2230E915C00CCCA07 /* Base */,
			);
			name = LaunchScreen.storyboard;
			sourceTree = "<group>";
		};
/* End PBXVariantGroup section */

/* Begin XCBuildConfiguration section */
		F6EED5D5230E915C00CCCA07 /* Debug */ = {
			isa = XCBuildConfiguration;
			buildSettings = {
				ALWAYS_SEARCH_USER_PATHS = NO;
				CLANG_ANALYZER_NONNULL = YES;
				CLANG_ANALYZER_NUMBER_OBJECT_CONVERSION = YES_AGGRESSIVE;
				CLANG_CXX_LANGUAGE_STANDARD = "gnu++14";
				CLANG_CXX_LIBRARY = "libc++";
				CLANG_ENABLE_MODULES = YES;
				CLANG_ENABLE_OBJC_ARC = YES;
				CLANG_ENABLE_OBJC_WEAK = YES;
				CLANG_WARN_BLOCK_CAPTURE_AUTORELEASING = YES;
				CLANG_WARN_BOOL_CONVERSION = YES;
				CLANG_WARN_COMMA = YES;
				CLANG_WARN_CONSTANT_CONVERSION = YES;
				CLANG_WARN_DEPRECATED_OBJC_IMPLEMENTATIONS = YES;
				CLANG_WARN_DIRECT_OBJC_ISA_USAGE = YES_ERROR;
				CLANG_WARN_DOCUMENTATION_COMMENTS = YES;
				CLANG_WARN_EMPTY_BODY = YES;
				CLANG_WARN_ENUM_CONVERSION = YES;
				CLANG_WARN_INFINITE_RECURSION = YES;
				CLANG_WARN_INT_CONVERSION = YES;
				CLANG_WARN_NON_LITERAL_NULL_CONVERSION = YES;
				CLANG_WARN_OBJC_IMPLICIT_RETAIN_SELF = YES;
				CLANG_WARN_OBJC_LITERAL_CONVERSION = YES;
				CLANG_WARN_OBJC_ROOT_CLASS = YES_ERROR;
				CLANG_WARN_RANGE_LOOP_ANALYSIS = YES;
				CLANG_WARN_STRICT_PROTOTYPES = YES;
				CLANG_WARN_SUSPICIOUS_MOVE = YES;
				CLANG_WARN_UNGUARDED_AVAILABILITY = YES_AGGRESSIVE;
				CLANG_WARN_UNREACHABLE_CODE = YES;
				CLANG_WARN__DUPLICATE_METHOD_MATCH = YES;
				CODE_SIGN_IDENTITY = "iPhone Developer";
				COPY_PHASE_STRIP = NO;
				DEBUG_INFORMATION_FORMAT = dwarf;
				ENABLE_STRICT_OBJC_MSGSEND = YES;
				ENABLE_TESTABILITY = YES;
				GCC_C_LANGUAGE_STANDARD = gnu11;
				GCC_DYNAMIC_NO_PIC = NO;
				GCC_NO_COMMON_BLOCKS = YES;
				GCC_OPTIMIZATION_LEVEL = 0;
				GCC_PREPROCESSOR_DEFINITIONS = (
					"DEBUG=1",
					"$(inherited)",
				);
				GCC_WARN_64_TO_32_BIT_CONVERSION = YES;
				GCC_WARN_ABOUT_RETURN_TYPE = YES_ERROR;
				GCC_WARN_UNDECLARED_SELECTOR = YES;
				GCC_WARN_UNINITIALIZED_AUTOS = YES_AGGRESSIVE;
				GCC_WARN_UNUSED_FUNCTION = YES;
				GCC_WARN_UNUSED_VARIABLE = YES;
				IPHONEOS_DEPLOYMENT_TARGET = 12.4;
				MTL_ENABLE_DEBUG_INFO = INCLUDE_SOURCE;
				MTL_FAST_MATH = YES;
				ONLY_ACTIVE_ARCH = YES;
				SDKROOT = iphoneos;
				SWIFT_ACTIVE_COMPILATION_CONDITIONS = DEBUG;
				SWIFT_OPTIMIZATION_LEVEL = "-Onone";
			};
			name = Debug;
		};
		F6EED5D6230E915C00CCCA07 /* Release */ = {
			isa = XCBuildConfiguration;
			buildSettings = {
				ALWAYS_SEARCH_USER_PATHS = NO;
				CLANG_ANALYZER_NONNULL = YES;
				CLANG_ANALYZER_NUMBER_OBJECT_CONVERSION = YES_AGGRESSIVE;
				CLANG_CXX_LANGUAGE_STANDARD = "gnu++14";
				CLANG_CXX_LIBRARY = "libc++";
				CLANG_ENABLE_MODULES = YES;
				CLANG_ENABLE_OBJC_ARC = YES;
				CLANG_ENABLE_OBJC_WEAK = YES;
				CLANG_WARN_BLOCK_CAPTURE_AUTORELEASING = YES;
				CLANG_WARN_BOOL_CONVERSION = YES;
				CLANG_WARN_COMMA = YES;
				CLANG_WARN_CONSTANT_CONVERSION = YES;
				CLANG_WARN_DEPRECATED_OBJC_IMPLEMENTATIONS = YES;
				CLANG_WARN_DIRECT_OBJC_ISA_USAGE = YES_ERROR;
				CLANG_WARN_DOCUMENTATION_COMMENTS = YES;
				CLANG_WARN_EMPTY_BODY = YES;
				CLANG_WARN_ENUM_CONVERSION = YES;
				CLANG_WARN_INFINITE_RECURSION = YES;
				CLANG_WARN_INT_CONVERSION = YES;
				CLANG_WARN_NON_LITERAL_NULL_CONVERSION = YES;
				CLANG_WARN_OBJC_IMPLICIT_RETAIN_SELF = YES;
				CLANG_WARN_OBJC_LITERAL_CONVERSION = YES;
				CLANG_WARN_OBJC_ROOT_CLASS = YES_ERROR;
				CLANG_WARN_RANGE_LOOP_ANALYSIS = YES;
				CLANG_WARN_STRICT_PROTOTYPES = YES;
				CLANG_WARN_SUSPICIOUS_MOVE = YES;
				CLANG_WARN_UNGUARDED_AVAILABILITY = YES_AGGRESSIVE;
				CLANG_WARN_UNREACHABLE_CODE = YES;
				CLANG_WARN__DUPLICATE_METHOD_MATCH = YES;
				CODE_SIGN_IDENTITY = "iPhone Developer";
				COPY_PHASE_STRIP = NO;
				DEBUG_INFORMATION_FORMAT = "dwarf-with-dsym";
				ENABLE_NS_ASSERTIONS = NO;
				ENABLE_STRICT_OBJC_MSGSEND = YES;
				GCC_C_LANGUAGE_STANDARD = gnu11;
				GCC_NO_COMMON_BLOCKS = YES;
				GCC_WARN_64_TO_32_BIT_CONVERSION = YES;
				GCC_WARN_ABOUT_RETURN_TYPE = YES_ERROR;
				GCC_WARN_UNDECLARED_SELECTOR = YES;
				GCC_WARN_UNINITIALIZED_AUTOS = YES_AGGRESSIVE;
				GCC_WARN_UNUSED_FUNCTION = YES;
				GCC_WARN_UNUSED_VARIABLE = YES;
				IPHONEOS_DEPLOYMENT_TARGET = 12.4;
				MTL_ENABLE_DEBUG_INFO = NO;
				MTL_FAST_MATH = YES;
				SDKROOT = iphoneos;
				SWIFT_COMPILATION_MODE = wholemodule;
				SWIFT_OPTIMIZATION_LEVEL = "-O";
				VALIDATE_PRODUCT = YES;
			};
			name = Release;
		};
		F6EED5D8230E915C00CCCA07 /* Debug */ = {
			isa = XCBuildConfiguration;
			baseConfigurationReference = E11CCEE1763E03BA404AB9B1 /* Pods-simpsonsApi.debug.xcconfig */;
			buildSettings = {
				ASSETCATALOG_COMPILER_APPICON_NAME = AppIcon;
				CODE_SIGN_STYLE = Automatic;
				DEVELOPMENT_TEAM = RYT7ZAW62J;
				INFOPLIST_FILE = simpsonsApi/Info.plist;
				LD_RUNPATH_SEARCH_PATHS = (
					"$(inherited)",
					"@executable_path/Frameworks",
				);
				PRODUCT_BUNDLE_IDENTIFIER = "-23.simpsonsApi";
				PRODUCT_NAME = "$(TARGET_NAME)";
				SWIFT_VERSION = 5.0;
				TARGETED_DEVICE_FAMILY = "1,2";
			};
			name = Debug;
		};
		F6EED5D9230E915C00CCCA07 /* Release */ = {
			isa = XCBuildConfiguration;
			baseConfigurationReference = 0BBA36415497FC41CFEE90BE /* Pods-simpsonsApi.release.xcconfig */;
			buildSettings = {
				ASSETCATALOG_COMPILER_APPICON_NAME = AppIcon;
				CODE_SIGN_STYLE = Automatic;
				DEVELOPMENT_TEAM = RYT7ZAW62J;
				INFOPLIST_FILE = simpsonsApi/Info.plist;
				LD_RUNPATH_SEARCH_PATHS = (
					"$(inherited)",
					"@executable_path/Frameworks",
				);
				PRODUCT_BUNDLE_IDENTIFIER = "-23.simpsonsApi";
				PRODUCT_NAME = "$(TARGET_NAME)";
				SWIFT_VERSION = 5.0;
				TARGETED_DEVICE_FAMILY = "1,2";
			};
			name = Release;
		};
/* End XCBuildConfiguration section */

/* Begin XCConfigurationList section */
		F6EED5C0230E915900CCCA07 /* Build configuration list for PBXProject "simpsonsApi" */ = {
			isa = XCConfigurationList;
			buildConfigurations = (
				F6EED5D5230E915C00CCCA07 /* Debug */,
				F6EED5D6230E915C00CCCA07 /* Release */,
			);
			defaultConfigurationIsVisible = 0;
			defaultConfigurationName = Release;
		};
		F6EED5D7230E915C00CCCA07 /* Build configuration list for PBXNativeTarget "simpsonsApi" */ = {
			isa = XCConfigurationList;
			buildConfigurations = (
				F6EED5D8230E915C00CCCA07 /* Debug */,
				F6EED5D9230E915C00CCCA07 /* Release */,
			);
			defaultConfigurationIsVisible = 0;
			defaultConfigurationName = Release;
		};
/* End XCConfigurationList section */
	};
	rootObject = F6EED5BD230E915900CCCA07 /* Project object */;
}
